
Microsoft Visual Studio Solution File, Format Version 12.00
# Visual Studio 14
VisualStudioVersion = 14.0.24720.0
MinimumVisualStudioVersion = 10.0.40219.1
Project("{FAE04EC0-301F-11D3-BF4B-00C04F79EFBC}") = "Example1", "Example1\Example1.csproj", "{19EF07BF-16CC-4CD2-B653-83D53D51ADEA}"
EndProject
Project("{FAE04EC0-301F-11D3-BF4B-00C04F79EFBC}") = "Example2", "Example2\Example2.csproj", "{2EE73623-EA4D-4F10-A771-8A11AE2D64CE}"
EndProject
Project("{FAE04EC0-301F-11D3-BF4B-00C04F79EFBC}") = "Example3", "Example3\Example3.csproj", "{4932B38C-5B3E-4823-AACB-8BA1F3E48C22}"
EndProject
Global
	GlobalSection(SolutionConfigurationPlatforms) = preSolution
		Debug|Any CPU = Debug|Any CPU
		Release|Any CPU = Release|Any CPU
	EndGlobalSection
	GlobalSection(ProjectConfigurationPlatforms) = postSolution
		{19EF07BF-16CC-4CD2-B653-83D53D51ADEA}.Debug|Any CPU.ActiveCfg = Debug|Any CPU
		{19EF07BF-16CC-4CD2-B653-83D53D51ADEA}.Debug|Any CPU.Build.0 = Debug|Any CPU
		{19EF07BF-16CC-4CD2-B653-83D53D51ADEA}.Release|Any CPU.ActiveCfg = Release|Any CPU
		{19EF07BF-16CC-4CD2-B653-83D53D51ADEA}.Release|Any CPU.Build.0 = Release|Any CPU
		{2EE73623-EA4D-4F10-A771-8A11AE2D64CE}.Debug|Any CPU.ActiveCfg = Debug|Any CPU
		{2EE73623-EA4D-4F10-A771-8A11AE2D64CE}.Debug|Any CPU.Build.0 = Debug|Any CPU
		{2EE73623-EA4D-4F10-A771-8A11AE2D64CE}.Release|Any CPU.ActiveCfg = Release|Any CPU
		{2EE73623-EA4D-4F10-A771-8A11AE2D64CE}.Release|Any CPU.Build.0 = Release|Any CPU
		{4932B38C-5B3E-4823-AACB-8BA1F3E48C22}.Debug|Any CPU.ActiveCfg = Debug|Any CPU
		{4932B38C-5B3E-4823-AACB-8BA1F3E48C22}.Debug|Any CPU.Build.0 = Debug|Any CPU
		{4932B38C-5B3E-4823-AACB-8BA1F3E48C22}.Release|Any CPU.ActiveCfg = Release|Any CPU
		{4932B38C-5B3E-4823-AACB-8BA1F3E48C22}.Release|Any CPU.Build.0 = Release|Any CPU
	EndGlobalSection
	GlobalSection(SolutionProperties) = preSolution
		HideSolutionNode = FALSE
	EndGlobalSection
EndGlobal
